// !$*UTF8*$!
{
	archiveVersion = 1;
	classes = {
	};
	objectVersion = 48;
	objects = {

/* Begin PBXBuildFile section */
		F2C7CBCD204A57FF0084E889 /* main.cpp in Sources */ = {isa = PBXBuildFile; fileRef = F2C7CBCC204A57FF0084E889 /* main.cpp */; };
		F2C7CBD0204A59BC0084E889 /* EventBus.cpp in Sources */ = {isa = PBXBuildFile; fileRef = F2C7CBCF204A59BB0084E889 /* EventBus.cpp */; };
		F2C7CBD3204A5A000084E889 /* CustomCloud.cpp in Sources */ = {isa = PBXBuildFile; fileRef = F2C7CBD1204A5A000084E889 /* CustomCloud.cpp */; };
		F2C7CBD4204A5A000084E889 /* HologramCloud.cpp in Sources */ = {isa = PBXBuildFile; fileRef = F2C7CBD2204A5A000084E889 /* HologramCloud.cpp */; };
		F2C7CBD6204A5C2B0084E889 /* CSRPSKAuthentication.cpp in Sources */ = {isa = PBXBuildFile; fileRef = F2C7CBD5204A5C2B0084E889 /* CSRPSKAuthentication.cpp */; };
		F2C7CBD9204A5C450084E889 /* Cellular.cpp in Sources */ = {isa = PBXBuildFile; fileRef = F2C7CBD8204A5C450084E889 /* Cellular.cpp */; };
		F2C7CBDC204A5C530084E889 /* Nova_U201.cpp in Sources */ = {isa = PBXBuildFile; fileRef = F2C7CBDA204A5C530084E889 /* Nova_U201.cpp */; };
		F2C7CBDD204A5C530084E889 /* Nova_R404.cpp in Sources */ = {isa = PBXBuildFile; fileRef = F2C7CBDB204A5C530084E889 /* Nova_R404.cpp */; };
		F2C7CBE0204A5C660084E889 /* Modem.cpp in Sources */ = {isa = PBXBuildFile; fileRef = F2C7CBDE204A5C660084E889 /* Modem.cpp */; };
		F2C7CBE1204A5C660084E889 /* Serial.cpp in Sources */ = {isa = PBXBuildFile; fileRef = F2C7CBDF204A5C660084E889 /* Serial.cpp */; };
		F2CEB4B7205F016000E3B015 /* IOKit.framework in Frameworks */ = {isa = PBXBuildFile; fileRef = F2CEB4B6205F015F00E3B015 /* IOKit.framework */; };
		F2CEB4B9205F016A00E3B015 /* CoreFoundation.framework in Frameworks */ = {isa = PBXBuildFile; fileRef = F2CEB4B8205F016A00E3B015 /* CoreFoundation.framework */; };
/* End PBXBuildFile section */

/* Begin PBXCopyFilesBuildPhase section */
		F2D421BD204A1AEF0089CDEA /* CopyFiles */ = {
			isa = PBXCopyFilesBuildPhase;
			buildActionMask = 2147483647;
			dstPath = /usr/share/man/man1/;
			dstSubfolderSpec = 0;
			files = (
			);
			runOnlyForDeploymentPostprocessing = 1;
		};
/* End PBXCopyFilesBuildPhase section */

/* Begin PBXFileReference section */
		F2C7CBC7204A57F30084E889 /* Authentication */ = {isa = PBXFileReference; lastKnownFileType = folder; name = Authentication; path = ../HologramSDK/src/Authentication; sourceTree = "<group>"; };
		F2C7CBC8204A57F30084E889 /* Network */ = {isa = PBXFileReference; lastKnownFileType = folder; name = Network; path = ../HologramSDK/src/Network; sourceTree = "<group>"; };
		F2C7CBC9204A57F30084E889 /* Cloud */ = {isa = PBXFileReference; lastKnownFileType = folder; name = Cloud; path = ../HologramSDK/src/Cloud; sourceTree = "<group>"; };
		F2C7CBCA204A57F30084E889 /* Utils */ = {isa = PBXFileReference; lastKnownFileType = folder; name = Utils; path = ../HologramSDK/src/Utils; sourceTree = "<group>"; };
		F2C7CBCB204A57F30084E889 /* Event */ = {isa = PBXFileReference; lastKnownFileType = folder; name = Event; path = ../HologramSDK/src/Event; sourceTree = "<group>"; };
		F2C7CBCC204A57FF0084E889 /* main.cpp */ = {isa = PBXFileReference; fileEncoding = 4; lastKnownFileType = sourcecode.cpp.cpp; path = main.cpp; sourceTree = "<group>"; };
		F2C7CBCF204A59BB0084E889 /* EventBus.cpp */ = {isa = PBXFileReference; lastKnownFileType = sourcecode.cpp.cpp; name = EventBus.cpp; path = ../HologramSDK/src/Event/EventBus/EventBus.cpp; sourceTree = "<group>"; };
		F2C7CBD1204A5A000084E889 /* CustomCloud.cpp */ = {isa = PBXFileReference; lastKnownFileType = sourcecode.cpp.cpp; name = CustomCloud.cpp; path = ../HologramSDK/src/Cloud/CustomCloud.cpp; sourceTree = "<group>"; };
		F2C7CBD2204A5A000084E889 /* HologramCloud.cpp */ = {isa = PBXFileReference; lastKnownFileType = sourcecode.cpp.cpp; name = HologramCloud.cpp; path = ../HologramSDK/src/Cloud/HologramCloud.cpp; sourceTree = "<group>"; };
		F2C7CBD5204A5C2B0084E889 /* CSRPSKAuthentication.cpp */ = {isa = PBXFileReference; lastKnownFileType = sourcecode.cpp.cpp; name = CSRPSKAuthentication.cpp; path = ../HologramSDK/src/Authentication/CSRPSKAuthentication.cpp; sourceTree = "<group>"; };
		F2C7CBD8204A5C450084E889 /* Cellular.cpp */ = {isa = PBXFileReference; lastKnownFileType = sourcecode.cpp.cpp; name = Cellular.cpp; path = ../HologramSDK/src/Network/Cellular.cpp; sourceTree = "<group>"; };
		F2C7CBDA204A5C530084E889 /* Nova_U201.cpp */ = {isa = PBXFileReference; lastKnownFileType = sourcecode.cpp.cpp; name = Nova_U201.cpp; path = ../HologramSDK/src/Network/Modems/Nova_U201.cpp; sourceTree = "<group>"; };
		F2C7CBDB204A5C530084E889 /* Nova_R404.cpp */ = {isa = PBXFileReference; lastKnownFileType = sourcecode.cpp.cpp; name = Nova_R404.cpp; path = ../HologramSDK/src/Network/Modems/Nova_R404.cpp; sourceTree = "<group>"; };
		F2C7CBDE204A5C660084E889 /* Modem.cpp */ = {isa = PBXFileReference; lastKnownFileType = sourcecode.cpp.cpp; name = Modem.cpp; path = ../HologramSDK/src/Network/Modems/Base/Modem.cpp; sourceTree = "<group>"; };
		F2C7CBDF204A5C660084E889 /* Serial.cpp */ = {isa = PBXFileReference; lastKnownFileType = sourcecode.cpp.cpp; name = Serial.cpp; path = ../HologramSDK/src/Network/Modems/Base/Serial.cpp; sourceTree = "<group>"; };
		F2CEB4B6205F015F00E3B015 /* IOKit.framework */ = {isa = PBXFileReference; lastKnownFileType = wrapper.framework; name = IOKit.framework; path = System/Library/Frameworks/IOKit.framework; sourceTree = SDKROOT; };
		F2CEB4B8205F016A00E3B015 /* CoreFoundation.framework */ = {isa = PBXFileReference; lastKnownFileType = wrapper.framework; name = CoreFoundation.framework; path = System/Library/Frameworks/CoreFoundation.framework; sourceTree = SDKROOT; };
		F2D421BF204A1AEF0089CDEA /* HologramSDK */ = {isa = PBXFileReference; explicitFileType = "compiled.mach-o.executable"; includeInIndex = 0; path = HologramSDK; sourceTree = BUILT_PRODUCTS_DIR; };
/* End PBXFileReference section */

/* Begin PBXFrameworksBuildPhase section */
		F2D421BC204A1AEF0089CDEA /* Frameworks */ = {
			isa = PBXFrameworksBuildPhase;
			buildActionMask = 2147483647;
			files = (
				F2CEB4B9205F016A00E3B015 /* CoreFoundation.framework in Frameworks */,
				F2CEB4B7205F016000E3B015 /* IOKit.framework in Frameworks */,
			);
			runOnlyForDeploymentPostprocessing = 0;
		};
/* End PBXFrameworksBuildPhase section */

/* Begin PBXGroup section */
		F2CEB4B5205F015F00E3B015 /* Frameworks */ = {
			isa = PBXGroup;
			children = (
				F2CEB4B8205F016A00E3B015 /* CoreFoundation.framework */,
				F2CEB4B6205F015F00E3B015 /* IOKit.framework */,
			);
			name = Frameworks;
			sourceTree = "<group>";
		};
		F2D421B6204A1AEF0089CDEA = {
			isa = PBXGroup;
			children = (
				F2C7CBDE204A5C660084E889 /* Modem.cpp */,
				F2C7CBDF204A5C660084E889 /* Serial.cpp */,
				F2C7CBDB204A5C530084E889 /* Nova_R404.cpp */,
				F2C7CBDA204A5C530084E889 /* Nova_U201.cpp */,
				F2C7CBD8204A5C450084E889 /* Cellular.cpp */,
				F2C7CBD5204A5C2B0084E889 /* CSRPSKAuthentication.cpp */,
				F2C7CBD1204A5A000084E889 /* CustomCloud.cpp */,
				F2C7CBD2204A5A000084E889 /* HologramCloud.cpp */,
				F2C7CBCF204A59BB0084E889 /* EventBus.cpp */,
				F2C7CBCC204A57FF0084E889 /* main.cpp */,
				F2C7CBC7204A57F30084E889 /* Authentication */,
				F2C7CBC9204A57F30084E889 /* Cloud */,
				F2C7CBCB204A57F30084E889 /* Event */,
				F2C7CBC8204A57F30084E889 /* Network */,
				F2C7CBCA204A57F30084E889 /* Utils */,
				F2D421C0204A1AEF0089CDEA /* Products */,
				F2CEB4B5205F015F00E3B015 /* Frameworks */,
			);
			sourceTree = "<group>";
		};
		F2D421C0204A1AEF0089CDEA /* Products */ = {
			isa = PBXGroup;
			children = (
				F2D421BF204A1AEF0089CDEA /* HologramSDK */,
			);
			name = Products;
			sourceTree = "<group>";
		};
/* End PBXGroup section */

/* Begin PBXNativeTarget section */
		F2D421BE204A1AEF0089CDEA /* HologramSDK */ = {
			isa = PBXNativeTarget;
			buildConfigurationList = F2D421C6204A1AF00089CDEA /* Build configuration list for PBXNativeTarget "HologramSDK" */;
			buildPhases = (
				F2D421BB204A1AEF0089CDEA /* Sources */,
				F2D421BC204A1AEF0089CDEA /* Frameworks */,
				F2D421BD204A1AEF0089CDEA /* CopyFiles */,
			);
			buildRules = (
			);
			dependencies = (
			);
			name = HologramSDK;
			productName = HologramSDK;
			productReference = F2D421BF204A1AEF0089CDEA /* HologramSDK */;
			productType = "com.apple.product-type.tool";
		};
/* End PBXNativeTarget section */

/* Begin PBXProject section */
		F2D421B7204A1AEF0089CDEA /* Project object */ = {
			isa = PBXProject;
			attributes = {
				LastUpgradeCheck = 0920;
				ORGANIZATIONNAME = Hologram;
				TargetAttributes = {
					F2D421BE204A1AEF0089CDEA = {
						CreatedOnToolsVersion = 9.2;
						ProvisioningStyle = Automatic;
					};
				};
			};
			buildConfigurationList = F2D421BA204A1AEF0089CDEA /* Build configuration list for PBXProject "HologramSDK" */;
			compatibilityVersion = "Xcode 8.0";
			developmentRegion = en;
			hasScannedForEncodings = 0;
			knownRegions = (
				en,
			);
			mainGroup = F2D421B6204A1AEF0089CDEA;
			productRefGroup = F2D421C0204A1AEF0089CDEA /* Products */;
			projectDirPath = "";
			projectRoot = "";
			targets = (
				F2D421BE204A1AEF0089CDEA /* HologramSDK */,
			);
		};
/* End PBXProject section */

/* Begin PBXSourcesBuildPhase section */
		F2D421BB204A1AEF0089CDEA /* Sources */ = {
			isa = PBXSourcesBuildPhase;
			buildActionMask = 2147483647;
			files = (
				F2C7CBE0204A5C660084E889 /* Modem.cpp in Sources */,
				F2C7CBE1204A5C660084E889 /* Serial.cpp in Sources */,
				F2C7CBDC204A5C530084E889 /* Nova_U201.cpp in Sources */,
				F2C7CBDD204A5C530084E889 /* Nova_R404.cpp in Sources */,
				F2C7CBD9204A5C450084E889 /* Cellular.cpp in Sources */,
				F2C7CBD6204A5C2B0084E889 /* CSRPSKAuthentication.cpp in Sources */,
				F2C7CBD3204A5A000084E889 /* CustomCloud.cpp in Sources */,
				F2C7CBD4204A5A000084E889 /* HologramCloud.cpp in Sources */,
				F2C7CBD0204A59BC0084E889 /* EventBus.cpp in Sources */,
				F2C7CBCD204A57FF0084E889 /* main.cpp in Sources */,
			);
			runOnlyForDeploymentPostprocessing = 0;
		};
/* End PBXSourcesBuildPhase section */

/* Begin XCBuildConfiguration section */
		F2D421C4204A1AF00089CDEA /* Debug */ = {
			isa = XCBuildConfiguration;
			buildSettings = {
				ALWAYS_SEARCH_USER_PATHS = NO;
				CLANG_ANALYZER_NONNULL = YES;
				CLANG_ANALYZER_NUMBER_OBJECT_CONVERSION = YES_AGGRESSIVE;
				CLANG_CXX_LANGUAGE_STANDARD = "gnu++14";
				CLANG_CXX_LIBRARY = "libc++";
				CLANG_ENABLE_MODULES = YES;
				CLANG_ENABLE_OBJC_ARC = YES;
				CLANG_WARN_BLOCK_CAPTURE_AUTORELEASING = YES;
				CLANG_WARN_BOOL_CONVERSION = YES;
				CLANG_WARN_COMMA = YES;
				CLANG_WARN_CONSTANT_CONVERSION = YES;
				CLANG_WARN_DIRECT_OBJC_ISA_USAGE = YES_ERROR;
				CLANG_WARN_DOCUMENTATION_COMMENTS = YES;
				CLANG_WARN_EMPTY_BODY = YES;
				CLANG_WARN_ENUM_CONVERSION = YES;
				CLANG_WARN_INFINITE_RECURSION = YES;
				CLANG_WARN_INT_CONVERSION = YES;
				CLANG_WARN_NON_LITERAL_NULL_CONVERSION = YES;
				CLANG_WARN_OBJC_LITERAL_CONVERSION = YES;
				CLANG_WARN_OBJC_ROOT_CLASS = YES_ERROR;
				CLANG_WARN_RANGE_LOOP_ANALYSIS = YES;
				CLANG_WARN_STRICT_PROTOTYPES = YES;
				CLANG_WARN_SUSPICIOUS_MOVE = YES;
				CLANG_WARN_UNGUARDED_AVAILABILITY = YES_AGGRESSIVE;
				CLANG_WARN_UNREACHABLE_CODE = YES;
				CLANG_WARN__DUPLICATE_METHOD_MATCH = YES;
				CODE_SIGN_IDENTITY = "-";
				COPY_PHASE_STRIP = NO;
				DEBUG_INFORMATION_FORMAT = dwarf;
				ENABLE_STRICT_OBJC_MSGSEND = YES;
				ENABLE_TESTABILITY = YES;
				GCC_C_LANGUAGE_STANDARD = gnu11;
				GCC_DYNAMIC_NO_PIC = NO;
				GCC_NO_COMMON_BLOCKS = YES;
				GCC_OPTIMIZATION_LEVEL = 0;
				GCC_PREPROCESSOR_DEFINITIONS = (
					"DEBUG=1",
					"$(inherited)",
				);
				GCC_WARN_64_TO_32_BIT_CONVERSION = YES;
				GCC_WARN_ABOUT_RETURN_TYPE = YES_ERROR;
				GCC_WARN_UNDECLARED_SELECTOR = YES;
				GCC_WARN_UNINITIALIZED_AUTOS = YES_AGGRESSIVE;
				GCC_WARN_UNUSED_FUNCTION = YES;
				GCC_WARN_UNUSED_VARIABLE = YES;
				MACOSX_DEPLOYMENT_TARGET = 10.13;
				MTL_ENABLE_DEBUG_INFO = YES;
				ONLY_ACTIVE_ARCH = YES;
				SDKROOT = macosx;
			};
			name = Debug;
		};
		F2D421C5204A1AF00089CDEA /* Release */ = {
			isa = XCBuildConfiguration;
			buildSettings = {
				ALWAYS_SEARCH_USER_PATHS = NO;
				CLANG_ANALYZER_NONNULL = YES;
				CLANG_ANALYZER_NUMBER_OBJECT_CONVERSION = YES_AGGRESSIVE;
				CLANG_CXX_LANGUAGE_STANDARD = "gnu++14";
				CLANG_CXX_LIBRARY = "libc++";
				CLANG_ENABLE_MODULES = YES;
				CLANG_ENABLE_OBJC_ARC = YES;
				CLANG_WARN_BLOCK_CAPTURE_AUTORELEASING = YES;
				CLANG_WARN_BOOL_CONVERSION = YES;
				CLANG_WARN_COMMA = YES;
				CLANG_WARN_CONSTANT_CONVERSION = YES;
				CLANG_WARN_DIRECT_OBJC_ISA_USAGE = YES_ERROR;
				CLANG_WARN_DOCUMENTATION_COMMENTS = YES;
				CLANG_WARN_EMPTY_BODY = YES;
				CLANG_WARN_ENUM_CONVERSION = YES;
				CLANG_WARN_INFINITE_RECURSION = YES;
				CLANG_WARN_INT_CONVERSION = YES;
				CLANG_WARN_NON_LITERAL_NULL_CONVERSION = YES;
				CLANG_WARN_OBJC_LITERAL_CONVERSION = YES;
				CLANG_WARN_OBJC_ROOT_CLASS = YES_ERROR;
				CLANG_WARN_RANGE_LOOP_ANALYSIS = YES;
				CLANG_WARN_STRICT_PROTOTYPES = YES;
				CLANG_WARN_SUSPICIOUS_MOVE = YES;
				CLANG_WARN_UNGUARDED_AVAILABILITY = YES_AGGRESSIVE;
				CLANG_WARN_UNREACHABLE_CODE = YES;
				CLANG_WARN__DUPLICATE_METHOD_MATCH = YES;
				CODE_SIGN_IDENTITY = "-";
				COPY_PHASE_STRIP = NO;
				DEBUG_INFORMATION_FORMAT = "dwarf-with-dsym";
				ENABLE_NS_ASSERTIONS = NO;
				ENABLE_STRICT_OBJC_MSGSEND = YES;
				GCC_C_LANGUAGE_STANDARD = gnu11;
				GCC_NO_COMMON_BLOCKS = YES;
				GCC_WARN_64_TO_32_BIT_CONVERSION = YES;
				GCC_WARN_ABOUT_RETURN_TYPE = YES_ERROR;
				GCC_WARN_UNDECLARED_SELECTOR = YES;
				GCC_WARN_UNINITIALIZED_AUTOS = YES_AGGRESSIVE;
				GCC_WARN_UNUSED_FUNCTION = YES;
				GCC_WARN_UNUSED_VARIABLE = YES;
				MACOSX_DEPLOYMENT_TARGET = 10.13;
				MTL_ENABLE_DEBUG_INFO = NO;
				SDKROOT = macosx;
			};
			name = Release;
		};
		F2D421C7204A1AF00089CDEA /* Debug */ = {
			isa = XCBuildConfiguration;
			buildSettings = {
				CLANG_CXX_LANGUAGE_STANDARD = "c++17";
				CODE_SIGN_STYLE = Automatic;
				HEADER_SEARCH_PATHS = "../HologramSDK/**";
				PRODUCT_NAME = "$(TARGET_NAME)";
			};
			name = Debug;
		};
		F2D421C8204A1AF00089CDEA /* Release */ = {
			isa = XCBuildConfiguration;
			buildSettings = {
				CLANG_CXX_LANGUAGE_STANDARD = "c++17";
				CODE_SIGN_STYLE = Automatic;
				HEADER_SEARCH_PATHS = "../HologramSDK/**";
				PRODUCT_NAME = "$(TARGET_NAME)";
			};
			name = Release;
		};
/* End XCBuildConfiguration section */

/* Begin XCConfigurationList section */
		F2D421BA204A1AEF0089CDEA /* Build configuration list for PBXProject "HologramSDK" */ = {
			isa = XCConfigurationList;
			buildConfigurations = (
				F2D421C4204A1AF00089CDEA /* Debug */,
				F2D421C5204A1AF00089CDEA /* Release */,
			);
			defaultConfigurationIsVisible = 0;
			defaultConfigurationName = Release;
		};
		F2D421C6204A1AF00089CDEA /* Build configuration list for PBXNativeTarget "HologramSDK" */ = {
			isa = XCConfigurationList;
			buildConfigurations = (
				F2D421C7204A1AF00089CDEA /* Debug */,
				F2D421C8204A1AF00089CDEA /* Release */,
			);
			defaultConfigurationIsVisible = 0;
			defaultConfigurationName = Release;
		};
/* End XCConfigurationList section */
	};
	rootObject = F2D421B7204A1AEF0089CDEA /* Project object */;
}
