<?xml version="1.0" encoding="utf-8"?>
<Project ToolsVersion="4.0" xmlns="http://schemas.microsoft.com/developer/msbuild/2003">
  <ItemGroup>
    <Filter Include="Authentication">
      <UniqueIdentifier>{084129b6-4b9e-4233-8379-cdfbb655bb44}</UniqueIdentifier>
    </Filter>
    <Filter Include="Authentication\Base">
      <UniqueIdentifier>{150d7e26-780f-455f-a825-a20d11556e63}</UniqueIdentifier>
    </Filter>
    <Filter Include="Cloud">
      <UniqueIdentifier>{801efbdf-7814-4d77-95a3-40849e1400fe}</UniqueIdentifier>
    </Filter>
    <Filter Include="Cloud\Base">
      <UniqueIdentifier>{8c1d3043-7804-458b-8dd0-694eb09f2ad2}</UniqueIdentifier>
    </Filter>
    <Filter Include="Network">
      <UniqueIdentifier>{92eb8ec6-9567-46a1-a590-4332732af209}</UniqueIdentifier>
    </Filter>
    <Filter Include="Network\Base">
      <UniqueIdentifier>{27c93fab-6190-4c3d-acc2-aa9824a64cea}</UniqueIdentifier>
    </Filter>
    <Filter Include="Network\Modem">
      <UniqueIdentifier>{bd62e71b-7748-45c4-8f24-7a7e81e87f8e}</UniqueIdentifier>
    </Filter>
    <Filter Include="Utils">
      <UniqueIdentifier>{d09a7ea9-5fa2-4c9e-b429-c553c8f33dcb}</UniqueIdentifier>
    </Filter>
    <Filter Include="Network\Modem\Base">
      <UniqueIdentifier>{41a8d716-47f8-4654-a449-4c4906629caf}</UniqueIdentifier>
    </Filter>
  </ItemGroup>
  <ItemGroup>
    <ClInclude Include="Authentication\Base\Authentication.h">
      <Filter>Authentication\Base</Filter>
    </ClInclude>
    <ClInclude Include="Authentication\CSRPSKAuthentication.h">
      <Filter>Authentication</Filter>
    </ClInclude>
    <ClInclude Include="Cloud\Base\Cloud.h">
      <Filter>Cloud\Base</Filter>
    </ClInclude>
    <ClInclude Include="Cloud\CustomCloud.h">
      <Filter>Cloud</Filter>
    </ClInclude>
    <ClInclude Include="Cloud\HologramCloud.h">
      <Filter>Cloud</Filter>
    </ClInclude>
    <ClInclude Include="Network\Base\Network.h">
      <Filter>Network\Base</Filter>
    </ClInclude>
    <ClInclude Include="Network\Modems\Nova_U201.h">
      <Filter>Network\Modem</Filter>
    </ClInclude>
    <ClInclude Include="Network\Modems\Base\Modem.h">
      <Filter>Network\Modem\Base</Filter>
    </ClInclude>
    <ClInclude Include="Network\Modems\Base\Serial.h">
      <Filter>Network\Modem\Base</Filter>
    </ClInclude>
    <ClInclude Include="Network\Cellular.h">
      <Filter>Network</Filter>
    </ClInclude>
    <ClInclude Include="Network\NetworkManager.h">
      <Filter>Network</Filter>
    </ClInclude>
    <ClInclude Include="Utils\json.hpp">
      <Filter>Utils</Filter>
    </ClInclude>
    <ClInclude Include="Utils\Utils.h">
      <Filter>Utils</Filter>
    </ClInclude>
  </ItemGroup>
  <ItemGroup>
    <ClCompile Include="Authentication\CSRPSKAuthentication.cpp">
      <Filter>Authentication</Filter>
    </ClCompile>
    <ClCompile Include="Cloud\CustomCloud.cpp">
      <Filter>Cloud</Filter>
    </ClCompile>
    <ClCompile Include="Cloud\HologramCloud.cpp">
      <Filter>Cloud</Filter>
    </ClCompile>
    <ClCompile Include="Network\Modems\Nova_U201.cpp">
      <Filter>Network\Modem</Filter>
    </ClCompile>
    <ClCompile Include="Network\Modems\Base\Modem.cpp">
      <Filter>Network\Modem\Base</Filter>
    </ClCompile>
    <ClCompile Include="Network\Modems\Base\Serial.cpp">
      <Filter>Network\Modem\Base</Filter>
    </ClCompile>
    <ClCompile Include="Network\Cellular.cpp">
      <Filter>Network</Filter>
    </ClCompile>
    <ClCompile Include="main.cpp" />
  </ItemGroup>
</Project>