<?xml version="1.0" encoding="utf-8"?>
<Project ToolsVersion="4.0" xmlns="http://schemas.microsoft.com/developer/msbuild/2003">
  <ItemGroup>
    <Filter Include="Authentication">
      <UniqueIdentifier>{53839921-c4af-4343-b656-b5fcc24975db}</UniqueIdentifier>
    </Filter>
    <Filter Include="Authentication\Base">
      <UniqueIdentifier>{ba4b5513-b725-47be-a15d-10abf53daf3d}</UniqueIdentifier>
    </Filter>
    <Filter Include="Utils">
      <UniqueIdentifier>{c0d308a1-8669-4497-93b6-3f36d29e36c5}</UniqueIdentifier>
    </Filter>
    <Filter Include="Cloud">
      <UniqueIdentifier>{8ed4f802-263e-443b-90c8-cbd9b96c3673}</UniqueIdentifier>
    </Filter>
    <Filter Include="Network">
      <UniqueIdentifier>{fdeb944d-b76c-4f81-bfec-84e2fecbdf2b}</UniqueIdentifier>
    </Filter>
    <Filter Include="Network\Modem">
      <UniqueIdentifier>{a45dddf8-a87e-48c0-a800-dca8d1a82479}</UniqueIdentifier>
    </Filter>
    <Filter Include="Network\Modem\Base">
      <UniqueIdentifier>{6809dfb8-8418-4a53-87ec-298c33727143}</UniqueIdentifier>
    </Filter>
    <Filter Include="Network\Modem\Nova">
      <UniqueIdentifier>{16e56975-d5b0-4f9a-8639-f56892c17bf4}</UniqueIdentifier>
    </Filter>
    <Filter Include="Cloud\Base">
      <UniqueIdentifier>{50412ac8-3aa0-4491-8759-0a26ad978dc6}</UniqueIdentifier>
    </Filter>
    <Filter Include="Network\Base">
      <UniqueIdentifier>{49d2d1fc-a515-4360-94c7-7d0dc8ef73a2}</UniqueIdentifier>
    </Filter>
    <Filter Include="Events">
      <UniqueIdentifier>{0b600dee-4942-430a-b1eb-70880ab564d9}</UniqueIdentifier>
    </Filter>
    <Filter Include="Events\EventBus">
      <UniqueIdentifier>{2d997d63-d0d6-4ff1-8c3d-980f13cfc7d2}</UniqueIdentifier>
    </Filter>
  </ItemGroup>
  <ItemGroup>
    <ClCompile Include="main.cpp" />
    <ClCompile Include="Authentication\CSRPSKAuthentication.cpp">
      <Filter>Authentication</Filter>
    </ClCompile>
    <ClCompile Include="Network\Modems\Nova_U201.cpp">
      <Filter>Network\Modem\Nova</Filter>
    </ClCompile>
    <ClCompile Include="Network\Modems\Base\Modem.cpp">
      <Filter>Network\Modem\Base</Filter>
    </ClCompile>
    <ClCompile Include="Network\Modems\Base\Serial.cpp">
      <Filter>Network\Modem\Base</Filter>
    </ClCompile>
    <ClCompile Include="Cloud\CustomCloud.cpp">
      <Filter>Cloud</Filter>
    </ClCompile>
    <ClCompile Include="Network\Cellular.cpp">
      <Filter>Network</Filter>
    </ClCompile>
    <ClCompile Include="Cloud\HologramCloud.cpp">
      <Filter>Cloud</Filter>
    </ClCompile>
    <ClCompile Include="Network\Modems\Nova_R404.cpp">
      <Filter>Network\Modem\Nova</Filter>
    </ClCompile>
    <ClCompile Include="Event\EventBus\EventBus.cpp">
      <Filter>Events\EventBus</Filter>
    </ClCompile>
  </ItemGroup>
  <ItemGroup>
    <ClInclude Include="Authentication\Base\Authentication.h">
      <Filter>Authentication\Base</Filter>
    </ClInclude>
    <ClInclude Include="Authentication\CSRPSKAuthentication.h">
      <Filter>Authentication</Filter>
    </ClInclude>
    <ClInclude Include="Utils\Utils.h">
      <Filter>Utils</Filter>
    </ClInclude>
    <ClInclude Include="Network\Modems\Nova_U201.h">
      <Filter>Network\Modem\Nova</Filter>
    </ClInclude>
    <ClInclude Include="Network\Modems\Base\Modem.h">
      <Filter>Network\Modem\Base</Filter>
    </ClInclude>
    <ClInclude Include="Network\Modems\Base\Serial.h">
      <Filter>Network\Modem\Base</Filter>
    </ClInclude>
    <ClInclude Include="Cloud\Base\Cloud.h">
      <Filter>Cloud\Base</Filter>
    </ClInclude>
    <ClInclude Include="Cloud\CustomCloud.h">
      <Filter>Cloud</Filter>
    </ClInclude>
    <ClInclude Include="Network\Base\Network.h">
      <Filter>Network\Base</Filter>
    </ClInclude>
    <ClInclude Include="Network\Cellular.h">
      <Filter>Network</Filter>
    </ClInclude>
    <ClInclude Include="Network\NetworkManager.h">
      <Filter>Network</Filter>
    </ClInclude>
    <ClInclude Include="Cloud\HologramCloud.h">
      <Filter>Cloud</Filter>
    </ClInclude>
    <ClInclude Include="Network\Modems\Nova_R404.h">
      <Filter>Network\Modem\Nova</Filter>
    </ClInclude>
    <ClInclude Include="Event\Events.h">
      <Filter>Events</Filter>
    </ClInclude>
    <ClInclude Include="Event\EventBus\Event.h">
      <Filter>Events\EventBus</Filter>
    </ClInclude>
    <ClInclude Include="Event\EventBus\EventBus.h">
      <Filter>Events\EventBus</Filter>
    </ClInclude>
    <ClInclude Include="Event\EventBus\EventHandler.h">
      <Filter>Events\EventBus</Filter>
    </ClInclude>
    <ClInclude Include="Event\EventBus\EventRegistration.h">
      <Filter>Events\EventBus</Filter>
    </ClInclude>
    <ClInclude Include="Event\EventBus\HandlerRegistration.h">
      <Filter>Events\EventBus</Filter>
    </ClInclude>
  </ItemGroup>
</Project>